// !$*UTF8*$!
{
	archiveVersion = 1;
	classes = {
	};
	objectVersion = 46;
	objects = {

/* Begin PBXBuildFile section */
		8D46D32818E2A1B561D7FEC5 /* libPods.a in Frameworks */ = {isa = PBXBuildFile; fileRef = B2B53AB90D7A92F5556D062E /* libPods.a */; };
		E103C2FB1DA75B9E00C86061 /* BadgeDevice.xcdatamodeld in Sources */ = {isa = PBXBuildFile; fileRef = E103C2F91DA75B9E00C86061 /* BadgeDevice.xcdatamodeld */; };
		E103C30B1DA75D2000C86061 /* DataStoreTool.h in Headers */ = {isa = PBXBuildFile; fileRef = E103C2FD1DA75D2000C86061 /* DataStoreTool.h */; settings = {ATTRIBUTES = (Public, ); }; };
		E103C30C1DA75D2000C86061 /* DataStoreTool.m in Sources */ = {isa = PBXBuildFile; fileRef = E103C2FE1DA75D2000C86061 /* DataStoreTool.m */; };
		E103C30D1DA75D2000C86061 /* MDeviceData.h in Headers */ = {isa = PBXBuildFile; fileRef = E103C2FF1DA75D2000C86061 /* MDeviceData.h */; settings = {ATTRIBUTES = (Public, ); }; };
		E103C30E1DA75D2000C86061 /* MDeviceData.m in Sources */ = {isa = PBXBuildFile; fileRef = E103C3001DA75D2000C86061 /* MDeviceData.m */; };
		E103C30F1DA75D2000C86061 /* TDataManager.h in Headers */ = {isa = PBXBuildFile; fileRef = E103C3011DA75D2000C86061 /* TDataManager.h */; settings = {ATTRIBUTES = (Public, ); }; };
		E103C3101DA75D2000C86061 /* TDataManager.m in Sources */ = {isa = PBXBuildFile; fileRef = E103C3021DA75D2000C86061 /* TDataManager.m */; };
		E103C3111DA75D2000C86061 /* TBLEDefine.h in Headers */ = {isa = PBXBuildFile; fileRef = E103C3041DA75D2000C86061 /* TBLEDefine.h */; settings = {ATTRIBUTES = (Public, ); }; };
		E103C3121DA75D2000C86061 /* TBLEDevice.h in Headers */ = {isa = PBXBuildFile; fileRef = E103C3051DA75D2000C86061 /* TBLEDevice.h */; settings = {ATTRIBUTES = (Public, ); }; };
		E103C3131DA75D2000C86061 /* TBLEDevice.m in Sources */ = {isa = PBXBuildFile; fileRef = E103C3061DA75D2000C86061 /* TBLEDevice.m */; };
		E103C3141DA75D2000C86061 /* TBluetooth.h in Headers */ = {isa = PBXBuildFile; fileRef = E103C3071DA75D2000C86061 /* TBluetooth.h */; settings = {ATTRIBUTES = (Public, ); }; };
		E103C3151DA75D2000C86061 /* TBluetooth.m in Sources */ = {isa = PBXBuildFile; fileRef = E103C3081DA75D2000C86061 /* TBluetooth.m */; };
		E103C3161DA75D2000C86061 /* TBluetoothTools.h in Headers */ = {isa = PBXBuildFile; fileRef = E103C3091DA75D2000C86061 /* TBluetoothTools.h */; settings = {ATTRIBUTES = (Public, ); }; };
		E103C3171DA75D2000C86061 /* TBluetoothTools.m in Sources */ = {isa = PBXBuildFile; fileRef = E103C30A1DA75D2000C86061 /* TBluetoothTools.m */; };
		E103C31A1DA75DF900C86061 /* TLocationManager.h in Headers */ = {isa = PBXBuildFile; fileRef = E103C3181DA75DF900C86061 /* TLocationManager.h */; settings = {ATTRIBUTES = (Public, ); }; };
		E103C31B1DA75DF900C86061 /* TLocationManager.m in Sources */ = {isa = PBXBuildFile; fileRef = E103C3191DA75DF900C86061 /* TLocationManager.m */; };
		E103C31E1DA75F1E00C86061 /* JZLocationConverter.h in Headers */ = {isa = PBXBuildFile; fileRef = E103C31C1DA75F1E00C86061 /* JZLocationConverter.h */; settings = {ATTRIBUTES = (Public, ); }; };
		E103C31F1DA75F1E00C86061 /* JZLocationConverter.m in Sources */ = {isa = PBXBuildFile; fileRef = E103C31D1DA75F1E00C86061 /* JZLocationConverter.m */; };
		E103C3211DA7880C00C86061 /* CoreLocation.framework in Frameworks */ = {isa = PBXBuildFile; fileRef = E103C3201DA7880C00C86061 /* CoreLocation.framework */; };
		E103C3221DA78D5200C86061 /* TBLEDevice.m in Headers */ = {isa = PBXBuildFile; fileRef = E103C3061DA75D2000C86061 /* TBLEDevice.m */; settings = {ATTRIBUTES = (Public, ); }; };
		E103C3231DA78D5700C86061 /* TBluetooth.m in Headers */ = {isa = PBXBuildFile; fileRef = E103C3081DA75D2000C86061 /* TBluetooth.m */; settings = {ATTRIBUTES = (Public, ); }; };
		E103C3241DA78D5900C86061 /* TBluetoothTools.m in Headers */ = {isa = PBXBuildFile; fileRef = E103C30A1DA75D2000C86061 /* TBluetoothTools.m */; settings = {ATTRIBUTES = (Public, ); }; };
		E103C3251DA78D5E00C86061 /* JZLocationConverter.m in Headers */ = {isa = PBXBuildFile; fileRef = E103C31D1DA75F1E00C86061 /* JZLocationConverter.m */; settings = {ATTRIBUTES = (Public, ); }; };
		E103C3261DA78D6100C86061 /* TLocationManager.m in Headers */ = {isa = PBXBuildFile; fileRef = E103C3191DA75DF900C86061 /* TLocationManager.m */; settings = {ATTRIBUTES = (Public, ); }; };
		E103C3271DA78D6400C86061 /* TDataManager.m in Headers */ = {isa = PBXBuildFile; fileRef = E103C3021DA75D2000C86061 /* TDataManager.m */; settings = {ATTRIBUTES = (Public, ); }; };
		E103C3281DA78D6800C86061 /* MDeviceData.m in Headers */ = {isa = PBXBuildFile; fileRef = E103C3001DA75D2000C86061 /* MDeviceData.m */; settings = {ATTRIBUTES = (Public, ); }; };
		E103C3291DA78D6C00C86061 /* DataStoreTool.m in Headers */ = {isa = PBXBuildFile; fileRef = E103C2FE1DA75D2000C86061 /* DataStoreTool.m */; settings = {ATTRIBUTES = (Public, ); }; };
		E16ED4C21DA223D400982664 /* BadgeDeviceLib.h in Headers */ = {isa = PBXBuildFile; fileRef = E16ED4B71DA223D400982664 /* BadgeDeviceLib.h */; settings = {ATTRIBUTES = (Public, ); }; };
		E16ED4C31DA223D400982664 /* Info.plist in Resources */ = {isa = PBXBuildFile; fileRef = E16ED4B91DA223D400982664 /* Info.plist */; };
		E16ED4CE1DA22C4000982664 /* FLEXDebug.framework in Frameworks */ = {isa = PBXBuildFile; fileRef = E16ED4CD1DA22C4000982664 /* FLEXDebug.framework */; };
		E19E374B1CC8C71F00071346 /* main.m in Sources */ = {isa = PBXBuildFile; fileRef = E19E374A1CC8C71F00071346 /* main.m */; };
		E19E374E1CC8C71F00071346 /* AppDelegate.m in Sources */ = {isa = PBXBuildFile; fileRef = E19E374D1CC8C71F00071346 /* AppDelegate.m */; };
		E19E37511CC8C71F00071346 /* ViewController.m in Sources */ = {isa = PBXBuildFile; fileRef = E19E37501CC8C71F00071346 /* ViewController.m */; };
		E19E37541CC8C71F00071346 /* Main.storyboard in Resources */ = {isa = PBXBuildFile; fileRef = E19E37521CC8C71F00071346 /* Main.storyboard */; };
		E19E37591CC8C71F00071346 /* Assets.xcassets in Resources */ = {isa = PBXBuildFile; fileRef = E19E37581CC8C71F00071346 /* Assets.xcassets */; };
		E19E375C1CC8C71F00071346 /* LaunchScreen.storyboard in Resources */ = {isa = PBXBuildFile; fileRef = E19E375A1CC8C71F00071346 /* LaunchScreen.storyboard */; };
		E1DA86371D9FE31300F2159E /* BadgeDeviceLib.framework in Frameworks */ = {isa = PBXBuildFile; fileRef = E103F5751D991BB5000AC300 /* BadgeDeviceLib.framework */; };
		E1F03A3F1CEB0C1B007AD562 /* libz.1.2.5.tbd in Frameworks */ = {isa = PBXBuildFile; fileRef = E1F03A3E1CEB0C1B007AD562 /* libz.1.2.5.tbd */; };
		E1F03A411CEB0C29007AD562 /* libsqlite3.0.tbd in Frameworks */ = {isa = PBXBuildFile; fileRef = E1F03A401CEB0C29007AD562 /* libsqlite3.0.tbd */; };
/* End PBXBuildFile section */

/* Begin PBXFileReference section */
		3824465E38823669662F7B57 /* Pods.release.xcconfig */ = {isa = PBXFileReference; includeInIndex = 1; lastKnownFileType = text.xcconfig; name = Pods.release.xcconfig; path = "Pods/Target Support Files/Pods/Pods.release.xcconfig"; sourceTree = "<group>"; };
		B2B53AB90D7A92F5556D062E /* libPods.a */ = {isa = PBXFileReference; explicitFileType = archive.ar; includeInIndex = 0; path = libPods.a; sourceTree = BUILT_PRODUCTS_DIR; };
		C06FD762E2E2AFA17CADF243 /* Pods.debug.xcconfig */ = {isa = PBXFileReference; includeInIndex = 1; lastKnownFileType = text.xcconfig; name = Pods.debug.xcconfig; path = "Pods/Target Support Files/Pods/Pods.debug.xcconfig"; sourceTree = "<group>"; };
		E103C2FA1DA75B9E00C86061 /* BadgeDevice.xcdatamodel */ = {isa = PBXFileReference; lastKnownFileType = wrapper.xcdatamodel; path = BadgeDevice.xcdatamodel; sourceTree = "<group>"; };
		E103C2FD1DA75D2000C86061 /* DataStoreTool.h */ = {isa = PBXFileReference; fileEncoding = 4; lastKnownFileType = sourcecode.c.h; path = DataStoreTool.h; sourceTree = "<group>"; };
		E103C2FE1DA75D2000C86061 /* DataStoreTool.m */ = {isa = PBXFileReference; fileEncoding = 4; lastKnownFileType = sourcecode.c.objc; path = DataStoreTool.m; sourceTree = "<group>"; };
		E103C2FF1DA75D2000C86061 /* MDeviceData.h */ = {isa = PBXFileReference; fileEncoding = 4; lastKnownFileType = sourcecode.c.h; path = MDeviceData.h; sourceTree = "<group>"; };
		E103C3001DA75D2000C86061 /* MDeviceData.m */ = {isa = PBXFileReference; fileEncoding = 4; lastKnownFileType = sourcecode.c.objc; path = MDeviceData.m; sourceTree = "<group>"; };
		E103C3011DA75D2000C86061 /* TDataManager.h */ = {isa = PBXFileReference; fileEncoding = 4; lastKnownFileType = sourcecode.c.h; path = TDataManager.h; sourceTree = "<group>"; };
		E103C3021DA75D2000C86061 /* TDataManager.m */ = {isa = PBXFileReference; fileEncoding = 4; lastKnownFileType = sourcecode.c.objc; path = TDataManager.m; sourceTree = "<group>"; };
		E103C3041DA75D2000C86061 /* TBLEDefine.h */ = {isa = PBXFileReference; fileEncoding = 4; lastKnownFileType = sourcecode.c.h; path = TBLEDefine.h; sourceTree = "<group>"; };
		E103C3051DA75D2000C86061 /* TBLEDevice.h */ = {isa = PBXFileReference; fileEncoding = 4; lastKnownFileType = sourcecode.c.h; path = TBLEDevice.h; sourceTree = "<group>"; };
		E103C3061DA75D2000C86061 /* TBLEDevice.m */ = {isa = PBXFileReference; fileEncoding = 4; lastKnownFileType = sourcecode.c.objc; path = TBLEDevice.m; sourceTree = "<group>"; };
		E103C3071DA75D2000C86061 /* TBluetooth.h */ = {isa = PBXFileReference; fileEncoding = 4; lastKnownFileType = sourcecode.c.h; path = TBluetooth.h; sourceTree = "<group>"; };
		E103C3081DA75D2000C86061 /* TBluetooth.m */ = {isa = PBXFileReference; fileEncoding = 4; lastKnownFileType = sourcecode.c.objc; path = TBluetooth.m; sourceTree = "<group>"; };
		E103C3091DA75D2000C86061 /* TBluetoothTools.h */ = {isa = PBXFileReference; fileEncoding = 4; lastKnownFileType = sourcecode.c.h; path = TBluetoothTools.h; sourceTree = "<group>"; };
		E103C30A1DA75D2000C86061 /* TBluetoothTools.m */ = {isa = PBXFileReference; fileEncoding = 4; lastKnownFileType = sourcecode.c.objc; path = TBluetoothTools.m; sourceTree = "<group>"; };
		E103C3181DA75DF900C86061 /* TLocationManager.h */ = {isa = PBXFileReference; fileEncoding = 4; lastKnownFileType = sourcecode.c.h; path = TLocationManager.h; sourceTree = "<group>"; };
		E103C3191DA75DF900C86061 /* TLocationManager.m */ = {isa = PBXFileReference; fileEncoding = 4; lastKnownFileType = sourcecode.c.objc; path = TLocationManager.m; sourceTree = "<group>"; };
		E103C31C1DA75F1E00C86061 /* JZLocationConverter.h */ = {isa = PBXFileReference; fileEncoding = 4; lastKnownFileType = sourcecode.c.h; path = JZLocationConverter.h; sourceTree = "<group>"; };
		E103C31D1DA75F1E00C86061 /* JZLocationConverter.m */ = {isa = PBXFileReference; fileEncoding = 4; lastKnownFileType = sourcecode.c.objc; path = JZLocationConverter.m; sourceTree = "<group>"; };
		E103C3201DA7880C00C86061 /* CoreLocation.framework */ = {isa = PBXFileReference; lastKnownFileType = wrapper.framework; name = CoreLocation.framework; path = System/Library/Frameworks/CoreLocation.framework; sourceTree = SDKROOT; };
		E103F5751D991BB5000AC300 /* BadgeDeviceLib.framework */ = {isa = PBXFileReference; explicitFileType = wrapper.framework; includeInIndex = 0; path = BadgeDeviceLib.framework; sourceTree = BUILT_PRODUCTS_DIR; };
		E11FF6541CE74E3900907206 /* libBabyBluetooth.a */ = {isa = PBXFileReference; lastKnownFileType = archive.ar; name = libBabyBluetooth.a; path = "../../../../../Library/Developer/Xcode/DerivedData/BadgeDevice-eirrwdnflmnaupexafvsvwgdhodp/Build/Products/Debug-iphoneos/libBabyBluetooth.a"; sourceTree = "<group>"; };
		E16ED4B71DA223D400982664 /* BadgeDeviceLib.h */ = {isa = PBXFileReference; fileEncoding = 4; lastKnownFileType = sourcecode.c.h; path = BadgeDeviceLib.h; sourceTree = "<group>"; };
		E16ED4B81DA223D400982664 /* BadgeDeviceLib.modulemap */ = {isa = PBXFileReference; fileEncoding = 4; lastKnownFileType = "sourcecode.module-map"; path = BadgeDeviceLib.modulemap; sourceTree = "<group>"; };
		E16ED4B91DA223D400982664 /* Info.plist */ = {isa = PBXFileReference; fileEncoding = 4; lastKnownFileType = text.plist.xml; path = Info.plist; sourceTree = "<group>"; };
		E16ED4CD1DA22C4000982664 /* FLEXDebug.framework */ = {isa = PBXFileReference; lastKnownFileType = wrapper.framework; name = FLEXDebug.framework; path = BadgeDevice/FLEXDebug.framework; sourceTree = "<group>"; };
		E19E37461CC8C71F00071346 /* BadgeDevice.app */ = {isa = PBXFileReference; explicitFileType = wrapper.application; includeInIndex = 0; path = BadgeDevice.app; sourceTree = BUILT_PRODUCTS_DIR; };
		E19E374A1CC8C71F00071346 /* main.m */ = {isa = PBXFileReference; lastKnownFileType = sourcecode.c.objc; path = main.m; sourceTree = "<group>"; };
		E19E374C1CC8C71F00071346 /* AppDelegate.h */ = {isa = PBXFileReference; lastKnownFileType = sourcecode.c.h; path = AppDelegate.h; sourceTree = "<group>"; };
		E19E374D1CC8C71F00071346 /* AppDelegate.m */ = {isa = PBXFileReference; lastKnownFileType = sourcecode.c.objc; path = AppDelegate.m; sourceTree = "<group>"; };
		E19E374F1CC8C71F00071346 /* ViewController.h */ = {isa = PBXFileReference; lastKnownFileType = sourcecode.c.h; path = ViewController.h; sourceTree = "<group>"; };
		E19E37501CC8C71F00071346 /* ViewController.m */ = {isa = PBXFileReference; lastKnownFileType = sourcecode.c.objc; path = ViewController.m; sourceTree = "<group>"; };
		E19E37531CC8C71F00071346 /* Base */ = {isa = PBXFileReference; lastKnownFileType = file.storyboard; name = Base; path = Base.lproj/Main.storyboard; sourceTree = "<group>"; };
		E19E37581CC8C71F00071346 /* Assets.xcassets */ = {isa = PBXFileReference; lastKnownFileType = folder.assetcatalog; path = Assets.xcassets; sourceTree = "<group>"; };
		E19E375B1CC8C71F00071346 /* Base */ = {isa = PBXFileReference; lastKnownFileType = file.storyboard; name = Base; path = Base.lproj/LaunchScreen.storyboard; sourceTree = "<group>"; };
		E19E375D1CC8C71F00071346 /* Info.plist */ = {isa = PBXFileReference; lastKnownFileType = text.plist.xml; path = Info.plist; sourceTree = "<group>"; };
		E1F03A3E1CEB0C1B007AD562 /* libz.1.2.5.tbd */ = {isa = PBXFileReference; lastKnownFileType = "sourcecode.text-based-dylib-definition"; name = libz.1.2.5.tbd; path = usr/lib/libz.1.2.5.tbd; sourceTree = SDKROOT; };
		E1F03A401CEB0C29007AD562 /* libsqlite3.0.tbd */ = {isa = PBXFileReference; lastKnownFileType = "sourcecode.text-based-dylib-definition"; name = libsqlite3.0.tbd; path = usr/lib/libsqlite3.0.tbd; sourceTree = SDKROOT; };
/* End PBXFileReference section */

/* Begin PBXFrameworksBuildPhase section */
		E103F5711D991BB5000AC300 /* Frameworks */ = {
			isa = PBXFrameworksBuildPhase;
			buildActionMask = 2147483647;
			files = (
			);
			runOnlyForDeploymentPostprocessing = 0;
		};
		E19E37431CC8C71F00071346 /* Frameworks */ = {
			isa = PBXFrameworksBuildPhase;
			buildActionMask = 2147483647;
			files = (
				E103C3211DA7880C00C86061 /* CoreLocation.framework in Frameworks */,
				E1DA86371D9FE31300F2159E /* BadgeDeviceLib.framework in Frameworks */,
				E1F03A411CEB0C29007AD562 /* libsqlite3.0.tbd in Frameworks */,
				E1F03A3F1CEB0C1B007AD562 /* libz.1.2.5.tbd in Frameworks */,
				8D46D32818E2A1B561D7FEC5 /* libPods.a in Frameworks */,
				E16ED4CE1DA22C4000982664 /* FLEXDebug.framework in Frameworks */,
			);
			runOnlyForDeploymentPostprocessing = 0;
		};
/* End PBXFrameworksBuildPhase section */

/* Begin PBXGroup section */
		444785CECF9F46D3AA7B0143 /* Pods */ = {
			isa = PBXGroup;
			children = (
				C06FD762E2E2AFA17CADF243 /* Pods.debug.xcconfig */,
				3824465E38823669662F7B57 /* Pods.release.xcconfig */,
			);
			name = Pods;
			sourceTree = "<group>";
		};
		E103C2FC1DA75D2000C86061 /* DataStore */ = {
			isa = PBXGroup;
			children = (
				E103C2FD1DA75D2000C86061 /* DataStoreTool.h */,
				E103C2FE1DA75D2000C86061 /* DataStoreTool.m */,
				E103C2FF1DA75D2000C86061 /* MDeviceData.h */,
				E103C3001DA75D2000C86061 /* MDeviceData.m */,
				E103C3011DA75D2000C86061 /* TDataManager.h */,
				E103C3021DA75D2000C86061 /* TDataManager.m */,
				E103C3181DA75DF900C86061 /* TLocationManager.h */,
				E103C3191DA75DF900C86061 /* TLocationManager.m */,
				E103C31C1DA75F1E00C86061 /* JZLocationConverter.h */,
				E103C31D1DA75F1E00C86061 /* JZLocationConverter.m */,
			);
			path = DataStore;
			sourceTree = "<group>";
		};
		E103C3031DA75D2000C86061 /* TBluetooth */ = {
			isa = PBXGroup;
			children = (
				E103C3041DA75D2000C86061 /* TBLEDefine.h */,
				E103C3051DA75D2000C86061 /* TBLEDevice.h */,
				E103C3061DA75D2000C86061 /* TBLEDevice.m */,
				E103C3071DA75D2000C86061 /* TBluetooth.h */,
				E103C3081DA75D2000C86061 /* TBluetooth.m */,
				E103C3091DA75D2000C86061 /* TBluetoothTools.h */,
				E103C30A1DA75D2000C86061 /* TBluetoothTools.m */,
			);
			path = TBluetooth;
			sourceTree = "<group>";
		};
		E16ED4B51DA223D400982664 /* BadgeDeviceLib */ = {
			isa = PBXGroup;
			children = (
				E16ED4B71DA223D400982664 /* BadgeDeviceLib.h */,
				E16ED4B81DA223D400982664 /* BadgeDeviceLib.modulemap */,
				E103C2FC1DA75D2000C86061 /* DataStore */,
				E103C3031DA75D2000C86061 /* TBluetooth */,
				E16ED4B91DA223D400982664 /* Info.plist */,
			);
			path = BadgeDeviceLib;
			sourceTree = "<group>";
		};
		E19E373D1CC8C71F00071346 = {
			isa = PBXGroup;
			children = (
				E19E37481CC8C71F00071346 /* BadgeDevice */,
				E16ED4B51DA223D400982664 /* BadgeDeviceLib */,
				E19E37471CC8C71F00071346 /* Products */,
				444785CECF9F46D3AA7B0143 /* Pods */,
				E7C286D3F623DA1061FD92D9 /* Frameworks */,
			);
			sourceTree = "<group>";
		};
		E19E37471CC8C71F00071346 /* Products */ = {
			isa = PBXGroup;
			children = (
				E19E37461CC8C71F00071346 /* BadgeDevice.app */,
				E103F5751D991BB5000AC300 /* BadgeDeviceLib.framework */,
			);
			name = Products;
			sourceTree = "<group>";
		};
		E19E37481CC8C71F00071346 /* BadgeDevice */ = {
			isa = PBXGroup;
			children = (
				E19E374C1CC8C71F00071346 /* AppDelegate.h */,
				E19E374D1CC8C71F00071346 /* AppDelegate.m */,
				E19E374F1CC8C71F00071346 /* ViewController.h */,
				E19E37501CC8C71F00071346 /* ViewController.m */,
				E103C2F91DA75B9E00C86061 /* BadgeDevice.xcdatamodeld */,
				E19E37521CC8C71F00071346 /* Main.storyboard */,
				E19E37581CC8C71F00071346 /* Assets.xcassets */,
				E19E375A1CC8C71F00071346 /* LaunchScreen.storyboard */,
				E19E375D1CC8C71F00071346 /* Info.plist */,
				E19E37491CC8C71F00071346 /* Supporting Files */,
			);
			path = BadgeDevice;
			sourceTree = "<group>";
		};
		E19E37491CC8C71F00071346 /* Supporting Files */ = {
			isa = PBXGroup;
			children = (
				E19E374A1CC8C71F00071346 /* main.m */,
			);
			name = "Supporting Files";
			sourceTree = "<group>";
		};
		E7C286D3F623DA1061FD92D9 /* Frameworks */ = {
			isa = PBXGroup;
			children = (
				E103C3201DA7880C00C86061 /* CoreLocation.framework */,
				E1F03A401CEB0C29007AD562 /* libsqlite3.0.tbd */,
				E1F03A3E1CEB0C1B007AD562 /* libz.1.2.5.tbd */,
				E11FF6541CE74E3900907206 /* libBabyBluetooth.a */,
				B2B53AB90D7A92F5556D062E /* libPods.a */,
				E16ED4CD1DA22C4000982664 /* FLEXDebug.framework */,
			);
			name = Frameworks;
			sourceTree = "<group>";
		};
/* End PBXGroup section */

/* Begin PBXHeadersBuildPhase section */
		E103F5721D991BB5000AC300 /* Headers */ = {
			isa = PBXHeadersBuildPhase;
			buildActionMask = 2147483647;
			files = (
				E103C30B1DA75D2000C86061 /* DataStoreTool.h in Headers */,
				E103C30F1DA75D2000C86061 /* TDataManager.h in Headers */,
				E103C3161DA75D2000C86061 /* TBluetoothTools.h in Headers */,
				E103C3141DA75D2000C86061 /* TBluetooth.h in Headers */,
				E16ED4C21DA223D400982664 /* BadgeDeviceLib.h in Headers */,
				E103C3121DA75D2000C86061 /* TBLEDevice.h in Headers */,
				E103C31A1DA75DF900C86061 /* TLocationManager.h in Headers */,
				E103C31E1DA75F1E00C86061 /* JZLocationConverter.h in Headers */,
				E103C3111DA75D2000C86061 /* TBLEDefine.h in Headers */,
				E103C30D1DA75D2000C86061 /* MDeviceData.h in Headers */,
				E103C3221DA78D5200C86061 /* TBLEDevice.m in Headers */,
				E103C3231DA78D5700C86061 /* TBluetooth.m in Headers */,
				E103C3241DA78D5900C86061 /* TBluetoothTools.m in Headers */,
				E103C3251DA78D5E00C86061 /* JZLocationConverter.m in Headers */,
				E103C3261DA78D6100C86061 /* TLocationManager.m in Headers */,
				E103C3271DA78D6400C86061 /* TDataManager.m in Headers */,
				E103C3291DA78D6C00C86061 /* DataStoreTool.m in Headers */,
				E103C3281DA78D6800C86061 /* MDeviceData.m in Headers */,
			);
			runOnlyForDeploymentPostprocessing = 0;
		};
/* End PBXHeadersBuildPhase section */

/* Begin PBXNativeTarget section */
		E103F5741D991BB5000AC300 /* BadgeDeviceLib */ = {
			isa = PBXNativeTarget;
			buildConfigurationList = E103F58C1D991BB5000AC300 /* Build configuration list for PBXNativeTarget "BadgeDeviceLib" */;
			buildPhases = (
				E103F5701D991BB5000AC300 /* Sources */,
				E103F5711D991BB5000AC300 /* Frameworks */,
				E103F5721D991BB5000AC300 /* Headers */,
				E103F5731D991BB5000AC300 /* Resources */,
			);
			buildRules = (
			);
			dependencies = (
			);
			name = BadgeDeviceLib;
			productName = BadgeDeviceLib;
			productReference = E103F5751D991BB5000AC300 /* BadgeDeviceLib.framework */;
			productType = "com.apple.product-type.framework";
		};
		E19E37451CC8C71F00071346 /* BadgeDevice */ = {
			isa = PBXNativeTarget;
			buildConfigurationList = E19E37761CC8C71F00071346 /* Build configuration list for PBXNativeTarget "BadgeDevice" */;
			buildPhases = (
				CFB0C3AF61C840C3A8D082DD /* Check Pods Manifest.lock */,
				E19E37421CC8C71F00071346 /* Sources */,
				E19E37431CC8C71F00071346 /* Frameworks */,
				E19E37441CC8C71F00071346 /* Resources */,
				194753647F21CB20CDE7537C /* Embed Pods Frameworks */,
				57B81ADABFBEB2B1A54D6844 /* Copy Pods Resources */,
			);
			buildRules = (
			);
			dependencies = (
			);
			name = BadgeDevice;
			productName = BadgeDevice;
			productReference = E19E37461CC8C71F00071346 /* BadgeDevice.app */;
			productType = "com.apple.product-type.application";
		};
/* End PBXNativeTarget section */

/* Begin PBXProject section */
		E19E373E1CC8C71F00071346 /* Project object */ = {
			isa = PBXProject;
			attributes = {
				LastUpgradeCheck = 0730;
				ORGANIZATIONNAME = MX;
				TargetAttributes = {
					E103F5741D991BB5000AC300 = {
						CreatedOnToolsVersion = 8.0;
						ProvisioningStyle = Automatic;
					};
					E19E37451CC8C71F00071346 = {
						CreatedOnToolsVersion = 7.3;
						DevelopmentTeam = 7VTAQLJLUA;
					};
				};
			};
			buildConfigurationList = E19E37411CC8C71F00071346 /* Build configuration list for PBXProject "BadgeDevice" */;
			compatibilityVersion = "Xcode 3.2";
			developmentRegion = English;
			hasScannedForEncodings = 0;
			knownRegions = (
				en,
				Base,
			);
			mainGroup = E19E373D1CC8C71F00071346;
			productRefGroup = E19E37471CC8C71F00071346 /* Products */;
			projectDirPath = "";
			projectRoot = "";
			targets = (
				E19E37451CC8C71F00071346 /* BadgeDevice */,
				E103F5741D991BB5000AC300 /* BadgeDeviceLib */,
			);
		};
/* End PBXProject section */

/* Begin PBXResourcesBuildPhase section */
		E103F5731D991BB5000AC300 /* Resources */ = {
			isa = PBXResourcesBuildPhase;
			buildActionMask = 2147483647;
			files = (
				E16ED4C31DA223D400982664 /* Info.plist in Resources */,
			);
			runOnlyForDeploymentPostprocessing = 0;
		};
		E19E37441CC8C71F00071346 /* Resources */ = {
			isa = PBXResourcesBuildPhase;
			buildActionMask = 2147483647;
			files = (
				E19E375C1CC8C71F00071346 /* LaunchScreen.storyboard in Resources */,
				E19E37591CC8C71F00071346 /* Assets.xcassets in Resources */,
				E19E37541CC8C71F00071346 /* Main.storyboard in Resources */,
			);
			runOnlyForDeploymentPostprocessing = 0;
		};
/* End PBXResourcesBuildPhase section */

/* Begin PBXShellScriptBuildPhase section */
		194753647F21CB20CDE7537C /* Embed Pods Frameworks */ = {
			isa = PBXShellScriptBuildPhase;
			buildActionMask = 2147483647;
			files = (
			);
			inputPaths = (
			);
			name = "Embed Pods Frameworks";
			outputPaths = (
			);
			runOnlyForDeploymentPostprocessing = 0;
			shellPath = /bin/sh;
			shellScript = "\"${SRCROOT}/Pods/Target Support Files/Pods/Pods-frameworks.sh\"\n";
			showEnvVarsInLog = 0;
		};
		57B81ADABFBEB2B1A54D6844 /* Copy Pods Resources */ = {
			isa = PBXShellScriptBuildPhase;
			buildActionMask = 2147483647;
			files = (
			);
			inputPaths = (
			);
			name = "Copy Pods Resources";
			outputPaths = (
			);
			runOnlyForDeploymentPostprocessing = 0;
			shellPath = /bin/sh;
			shellScript = "\"${SRCROOT}/Pods/Target Support Files/Pods/Pods-resources.sh\"\n";
			showEnvVarsInLog = 0;
		};
		CFB0C3AF61C840C3A8D082DD /* Check Pods Manifest.lock */ = {
			isa = PBXShellScriptBuildPhase;
			buildActionMask = 2147483647;
			files = (
			);
			inputPaths = (
			);
			name = "Check Pods Manifest.lock";
			outputPaths = (
			);
			runOnlyForDeploymentPostprocessing = 0;
			shellPath = /bin/sh;
			shellScript = "diff \"${PODS_ROOT}/../Podfile.lock\" \"${PODS_ROOT}/Manifest.lock\" > /dev/null\nif [[ $? != 0 ]] ; then\n    cat << EOM\nerror: The sandbox is not in sync with the Podfile.lock. Run 'pod install' or update your CocoaPods installation.\nEOM\n    exit 1\nfi\n";
			showEnvVarsInLog = 0;
		};
/* End PBXShellScriptBuildPhase section */

/* Begin PBXSourcesBuildPhase section */
		E103F5701D991BB5000AC300 /* Sources */ = {
			isa = PBXSourcesBuildPhase;
			buildActionMask = 2147483647;
			files = (
				E103C30C1DA75D2000C86061 /* DataStoreTool.m in Sources */,
				E103C3171DA75D2000C86061 /* TBluetoothTools.m in Sources */,
				E103C30E1DA75D2000C86061 /* MDeviceData.m in Sources */,
				E103C31B1DA75DF900C86061 /* TLocationManager.m in Sources */,
				E103C3131DA75D2000C86061 /* TBLEDevice.m in Sources */,
				E103C31F1DA75F1E00C86061 /* JZLocationConverter.m in Sources */,
				E103C3151DA75D2000C86061 /* TBluetooth.m in Sources */,
				E103C3101DA75D2000C86061 /* TDataManager.m in Sources */,
			);
			runOnlyForDeploymentPostprocessing = 0;
		};
		E19E37421CC8C71F00071346 /* Sources */ = {
			isa = PBXSourcesBuildPhase;
			buildActionMask = 2147483647;
			files = (
				E19E37511CC8C71F00071346 /* ViewController.m in Sources */,
				E19E374E1CC8C71F00071346 /* AppDelegate.m in Sources */,
				E19E374B1CC8C71F00071346 /* main.m in Sources */,
				E103C2FB1DA75B9E00C86061 /* BadgeDevice.xcdatamodeld in Sources */,
			);
			runOnlyForDeploymentPostprocessing = 0;
		};
/* End PBXSourcesBuildPhase section */

/* Begin PBXVariantGroup section */
		E19E37521CC8C71F00071346 /* Main.storyboard */ = {
			isa = PBXVariantGroup;
			children = (
				E19E37531CC8C71F00071346 /* Base */,
			);
			name = Main.storyboard;
			sourceTree = "<group>";
		};
		E19E375A1CC8C71F00071346 /* LaunchScreen.storyboard */ = {
			isa = PBXVariantGroup;
			children = (
				E19E375B1CC8C71F00071346 /* Base */,
			);
			name = LaunchScreen.storyboard;
			sourceTree = "<group>";
		};
/* End PBXVariantGroup section */

/* Begin XCBuildConfiguration section */
		E103F58D1D991BB5000AC300 /* Debug */ = {
			isa = XCBuildConfiguration;
			baseConfigurationReference = C06FD762E2E2AFA17CADF243 /* Pods.debug.xcconfig */;
			buildSettings = {
				ALWAYS_SEARCH_USER_PATHS = YES;
				CLANG_WARN_DOCUMENTATION_COMMENTS = YES;
				CLANG_WARN_INFINITE_RECURSION = YES;
				CLANG_WARN_SUSPICIOUS_MOVES = YES;
				CODE_SIGN_IDENTITY = "iPhone Developer";
				"CODE_SIGN_IDENTITY[sdk=iphoneos*]" = "iPhone Developer";
				CURRENT_PROJECT_VERSION = 1;
				DEFINES_MODULE = YES;
				DYLIB_COMPATIBILITY_VERSION = 1;
				DYLIB_CURRENT_VERSION = 1;
				DYLIB_INSTALL_NAME_BASE = "@rpath";
				FRAMEWORK_SEARCH_PATHS = "$(PROJECT_DIR)/BadgeDevice/**";
				HEADER_SEARCH_PATHS = "\"${PODS_ROOT}/Headers/Public\"/**";
				INFOPLIST_FILE = BadgeDeviceLib/Info.plist;
				INSTALL_PATH = "$(LOCAL_LIBRARY_DIR)/Frameworks";
				IPHONEOS_DEPLOYMENT_TARGET = 7.0;
				LD_RUNPATH_SEARCH_PATHS = "$(inherited) @executable_path/Frameworks @loader_path/Frameworks";
				MACH_O_TYPE = staticlib;
				PODS_ROOT = "${SRCROOT}/Pods";
				PRODUCT_BUNDLE_IDENTIFIER = com.mx.BadgeDeviceLib;
				PRODUCT_NAME = "$(TARGET_NAME)";
				SKIP_INSTALL = YES;
				VERSIONING_SYSTEM = "apple-generic";
				VERSION_INFO_PREFIX = "";
			};
			name = Debug;
		};
		E103F58E1D991BB5000AC300 /* Release */ = {
			isa = XCBuildConfiguration;
			baseConfigurationReference = 3824465E38823669662F7B57 /* Pods.release.xcconfig */;
			buildSettings = {
				ALWAYS_SEARCH_USER_PATHS = YES;
				CLANG_WARN_DOCUMENTATION_COMMENTS = YES;
				CLANG_WARN_INFINITE_RECURSION = YES;
				CLANG_WARN_SUSPICIOUS_MOVES = YES;
				CODE_SIGN_IDENTITY = "iPhone Developer";
				"CODE_SIGN_IDENTITY[sdk=iphoneos*]" = "iPhone Developer";
				CURRENT_PROJECT_VERSION = 1;
				DEFINES_MODULE = YES;
				DYLIB_COMPATIBILITY_VERSION = 1;
				DYLIB_CURRENT_VERSION = 1;
				DYLIB_INSTALL_NAME_BASE = "@rpath";
				FRAMEWORK_SEARCH_PATHS = "$(PROJECT_DIR)/BadgeDevice/**";
				HEADER_SEARCH_PATHS = "\"${PODS_ROOT}/Headers/Public\"/**";
				INFOPLIST_FILE = BadgeDeviceLib/Info.plist;
				INSTALL_PATH = "$(LOCAL_LIBRARY_DIR)/Frameworks";
				IPHONEOS_DEPLOYMENT_TARGET = 7.0;
				LD_RUNPATH_SEARCH_PATHS = "$(inherited) @executable_path/Frameworks @loader_path/Frameworks";
				MACH_O_TYPE = staticlib;
				PODS_ROOT = "${SRCROOT}/Pods";
				PRODUCT_BUNDLE_IDENTIFIER = com.mx.BadgeDeviceLib;
				PRODUCT_NAME = "$(TARGET_NAME)";
				SKIP_INSTALL = YES;
				VERSIONING_SYSTEM = "apple-generic";
				VERSION_INFO_PREFIX = "";
			};
			name = Release;
		};
		E19E37741CC8C71F00071346 /* Debug */ = {
			isa = XCBuildConfiguration;
			buildSettings = {
				ALWAYS_SEARCH_USER_PATHS = NO;
				CLANG_ANALYZER_NONNULL = YES;
				CLANG_CXX_LANGUAGE_STANDARD = "gnu++0x";
				CLANG_CXX_LIBRARY = "libc++";
				CLANG_ENABLE_MODULES = YES;
				CLANG_ENABLE_OBJC_ARC = YES;
				CLANG_WARN_BOOL_CONVERSION = YES;
				CLANG_WARN_CONSTANT_CONVERSION = YES;
				CLANG_WARN_DIRECT_OBJC_ISA_USAGE = YES_ERROR;
				CLANG_WARN_EMPTY_BODY = YES;
				CLANG_WARN_ENUM_CONVERSION = YES;
				CLANG_WARN_INT_CONVERSION = YES;
				CLANG_WARN_OBJC_ROOT_CLASS = YES_ERROR;
				CLANG_WARN_UNREACHABLE_CODE = YES;
				CLANG_WARN__DUPLICATE_METHOD_MATCH = YES;
				"CODE_SIGN_IDENTITY[sdk=iphoneos*]" = "iPhone Developer";
				COPY_PHASE_STRIP = NO;
				DEBUG_INFORMATION_FORMAT = dwarf;
				ENABLE_STRICT_OBJC_MSGSEND = YES;
				ENABLE_TESTABILITY = YES;
				GCC_C_LANGUAGE_STANDARD = gnu99;
				GCC_DYNAMIC_NO_PIC = NO;
				GCC_NO_COMMON_BLOCKS = YES;
				GCC_OPTIMIZATION_LEVEL = 0;
				GCC_PREPROCESSOR_DEFINITIONS = (
					"DEBUG=1",
					"$(inherited)",
				);
				GCC_WARN_64_TO_32_BIT_CONVERSION = YES;
				GCC_WARN_ABOUT_RETURN_TYPE = YES_ERROR;
				GCC_WARN_UNDECLARED_SELECTOR = YES;
				GCC_WARN_UNINITIALIZED_AUTOS = YES_AGGRESSIVE;
				GCC_WARN_UNUSED_FUNCTION = YES;
				GCC_WARN_UNUSED_VARIABLE = YES;
				IPHONEOS_DEPLOYMENT_TARGET = 9.3;
				MTL_ENABLE_DEBUG_INFO = YES;
				ONLY_ACTIVE_ARCH = YES;
				SDKROOT = iphoneos;
				TARGETED_DEVICE_FAMILY = "1,2";
			};
			name = Debug;
		};
		E19E37751CC8C71F00071346 /* Release */ = {
			isa = XCBuildConfiguration;
			buildSettings = {
				ALWAYS_SEARCH_USER_PATHS = NO;
				CLANG_ANALYZER_NONNULL = YES;
				CLANG_CXX_LANGUAGE_STANDARD = "gnu++0x";
				CLANG_CXX_LIBRARY = "libc++";
				CLANG_ENABLE_MODULES = YES;
				CLANG_ENABLE_OBJC_ARC = YES;
				CLANG_WARN_BOOL_CONVERSION = YES;
				CLANG_WARN_CONSTANT_CONVERSION = YES;
				CLANG_WARN_DIRECT_OBJC_ISA_USAGE = YES_ERROR;
				CLANG_WARN_EMPTY_BODY = YES;
				CLANG_WARN_ENUM_CONVERSION = YES;
				CLANG_WARN_INT_CONVERSION = YES;
				CLANG_WARN_OBJC_ROOT_CLASS = YES_ERROR;
				CLANG_WARN_UNREACHABLE_CODE = YES;
				CLANG_WARN__DUPLICATE_METHOD_MATCH = YES;
				"CODE_SIGN_IDENTITY[sdk=iphoneos*]" = "iPhone Developer";
				COPY_PHASE_STRIP = NO;
				DEBUG_INFORMATION_FORMAT = "dwarf-with-dsym";
				ENABLE_NS_ASSERTIONS = NO;
				ENABLE_STRICT_OBJC_MSGSEND = YES;
				GCC_C_LANGUAGE_STANDARD = gnu99;
				GCC_NO_COMMON_BLOCKS = YES;
				GCC_WARN_64_TO_32_BIT_CONVERSION = YES;
				GCC_WARN_ABOUT_RETURN_TYPE = YES_ERROR;
				GCC_WARN_UNDECLARED_SELECTOR = YES;
				GCC_WARN_UNINITIALIZED_AUTOS = YES_AGGRESSIVE;
				GCC_WARN_UNUSED_FUNCTION = YES;
				GCC_WARN_UNUSED_VARIABLE = YES;
				IPHONEOS_DEPLOYMENT_TARGET = 9.3;
				MTL_ENABLE_DEBUG_INFO = NO;
				SDKROOT = iphoneos;
				TARGETED_DEVICE_FAMILY = "1,2";
				VALIDATE_PRODUCT = YES;
			};
			name = Release;
		};
		E19E37771CC8C71F00071346 /* Debug */ = {
			isa = XCBuildConfiguration;
			baseConfigurationReference = C06FD762E2E2AFA17CADF243 /* Pods.debug.xcconfig */;
			buildSettings = {
				ASSETCATALOG_COMPILER_APPICON_NAME = AppIcon;
				CODE_SIGN_IDENTITY = "iPhone Developer";
				"CODE_SIGN_IDENTITY[sdk=iphoneos*]" = "iPhone Developer";
				FRAMEWORK_SEARCH_PATHS = (
					"$(inherited)",
					"$(PROJECT_DIR)/BadgeDevice/Tools",
					"$(PROJECT_DIR)/BadgeDevice",
				);
				INFOPLIST_FILE = BadgeDevice/Info.plist;
				IPHONEOS_DEPLOYMENT_TARGET = 8.0;
				LD_RUNPATH_SEARCH_PATHS = "$(inherited) @executable_path/Frameworks";
				PRODUCT_BUNDLE_IDENTIFIER = com.MX.BadgeDevice;
				PRODUCT_NAME = "$(TARGET_NAME)";
				PROVISIONING_PROFILE = "";
				TARGETED_DEVICE_FAMILY = 1;
			};
			name = Debug;
		};
		E19E37781CC8C71F00071346 /* Release */ = {
			isa = XCBuildConfiguration;
			baseConfigurationReference = 3824465E38823669662F7B57 /* Pods.release.xcconfig */;
			buildSettings = {
				ASSETCATALOG_COMPILER_APPICON_NAME = AppIcon;
				CODE_SIGN_IDENTITY = "iPhone Developer";
				"CODE_SIGN_IDENTITY[sdk=iphoneos*]" = "iPhone Developer";
				FRAMEWORK_SEARCH_PATHS = (
					"$(inherited)",
					"$(PROJECT_DIR)/BadgeDevice/Tools",
					"$(PROJECT_DIR)/BadgeDevice",
				);
				INFOPLIST_FILE = BadgeDevice/Info.plist;
				IPHONEOS_DEPLOYMENT_TARGET = 8.0;
				LD_RUNPATH_SEARCH_PATHS = "$(inherited) @executable_path/Frameworks";
				PRODUCT_BUNDLE_IDENTIFIER = com.MX.BadgeDevice;
				PRODUCT_NAME = "$(TARGET_NAME)";
				PROVISIONING_PROFILE = "";
				TARGETED_DEVICE_FAMILY = 1;
			};
			name = Release;
		};
/* End XCBuildConfiguration section */

/* Begin XCConfigurationList section */
		E103F58C1D991BB5000AC300 /* Build configuration list for PBXNativeTarget "BadgeDeviceLib" */ = {
			isa = XCConfigurationList;
			buildConfigurations = (
				E103F58D1D991BB5000AC300 /* Debug */,
				E103F58E1D991BB5000AC300 /* Release */,
			);
			defaultConfigurationIsVisible = 0;
			defaultConfigurationName = Release;
		};
		E19E37411CC8C71F00071346 /* Build configuration list for PBXProject "BadgeDevice" */ = {
			isa = XCConfigurationList;
			buildConfigurations = (
				E19E37741CC8C71F00071346 /* Debug */,
				E19E37751CC8C71F00071346 /* Release */,
			);
			defaultConfigurationIsVisible = 0;
			defaultConfigurationName = Release;
		};
		E19E37761CC8C71F00071346 /* Build configuration list for PBXNativeTarget "BadgeDevice" */ = {
			isa = XCConfigurationList;
			buildConfigurations = (
				E19E37771CC8C71F00071346 /* Debug */,
				E19E37781CC8C71F00071346 /* Release */,
			);
			defaultConfigurationIsVisible = 0;
			defaultConfigurationName = Release;
		};
/* End XCConfigurationList section */

/* Begin XCVersionGroup section */
		E103C2F91DA75B9E00C86061 /* BadgeDevice.xcdatamodeld */ = {
			isa = XCVersionGroup;
			children = (
				E103C2FA1DA75B9E00C86061 /* BadgeDevice.xcdatamodel */,
			);
			currentVersion = E103C2FA1DA75B9E00C86061 /* BadgeDevice.xcdatamodel */;
			path = BadgeDevice.xcdatamodeld;
			sourceTree = "<group>";
			versionGroupType = wrapper.xcdatamodel;
		};
/* End XCVersionGroup section */
	};
	rootObject = E19E373E1CC8C71F00071346 /* Project object */;
}
